
Microsoft Visual Studio Solution File, Format Version 12.00
# Visual Studio Version 17
VisualStudioVersion = 17.0.31903.59
MinimumVisualStudioVersion = 10.0.40219.1
Project("{2150E333-8FDC-42A3-9474-1A3956D46DE8}") = "Client", "Client", "{4D5A8781-6F7A-4810-879B-72C5347FC925}"
EndProject
Project("{FAE04EC0-301F-11D3-BF4B-00C04F79EFBC}") = "UrlShortener.Client", "Client\UrlShortener.Client\UrlShortener.Client.csproj", "{17183677-B654-4351-A559-B99086345700}"
EndProject
Project("{2150E333-8FDC-42A3-9474-1A3956D46DE8}") = "API", "API", "{A61B9628-BC20-4723-AD6A-CD2FAC395841}"
EndProject
Project("{FAE04EC0-301F-11D3-BF4B-00C04F79EFBC}") = "UrlShortener.API", "API\UrlShortener.API\UrlShortener.API.csproj", "{9FDED1F9-7518-4932-AEE4-686A4C5F033B}"
EndProject
Project("{2150E333-8FDC-42A3-9474-1A3956D46DE8}") = "Solution Items", "Solution Items", "{78897A2A-7502-468F-88E9-8261374DCF2E}"
	ProjectSection(SolutionItems) = preProject
		docker-compose.yml = docker-compose.yml
	EndProjectSection
EndProject
Global
	GlobalSection(SolutionConfigurationPlatforms) = preSolution
		Debug|Any CPU = Debug|Any CPU
		Release|Any CPU = Release|Any CPU
	EndGlobalSection
	GlobalSection(SolutionProperties) = preSolution
		HideSolutionNode = FALSE
	EndGlobalSection
	GlobalSection(NestedProjects) = preSolution
		{17183677-B654-4351-A559-B99086345700} = {4D5A8781-6F7A-4810-879B-72C5347FC925}
		{9FDED1F9-7518-4932-AEE4-686A4C5F033B} = {A61B9628-BC20-4723-AD6A-CD2FAC395841}
	EndGlobalSection
	GlobalSection(ProjectConfigurationPlatforms) = postSolution
		{17183677-B654-4351-A559-B99086345700}.Debug|Any CPU.ActiveCfg = Debug|Any CPU
		{17183677-B654-4351-A559-B99086345700}.Debug|Any CPU.Build.0 = Debug|Any CPU
		{17183677-B654-4351-A559-B99086345700}.Release|Any CPU.ActiveCfg = Release|Any CPU
		{17183677-B654-4351-A559-B99086345700}.Release|Any CPU.Build.0 = Release|Any CPU
		{9FDED1F9-7518-4932-AEE4-686A4C5F033B}.Debug|Any CPU.ActiveCfg = Debug|Any CPU
		{9FDED1F9-7518-4932-AEE4-686A4C5F033B}.Debug|Any CPU.Build.0 = Debug|Any CPU
		{9FDED1F9-7518-4932-AEE4-686A4C5F033B}.Release|Any CPU.ActiveCfg = Release|Any CPU
		{9FDED1F9-7518-4932-AEE4-686A4C5F033B}.Release|Any CPU.Build.0 = Release|Any CPU
	EndGlobalSection
EndGlobal
